// !$*UTF8*$!
{
	archiveVersion = 1;
	classes = {
	};
	objectVersion = 51;
	objects = {

/* Begin PBXBuildFile section */
		1A407DD7A69D5249A6E645DF /* Pods_hackaTUM.framework in Frameworks */ = {isa = PBXBuildFile; fileRef = 501AD3448D605E2F7D78F4AF /* Pods_hackaTUM.framework */; };
		B048029523893943004FECED /* AppDelegate.swift in Sources */ = {isa = PBXBuildFile; fileRef = B048029423893943004FECED /* AppDelegate.swift */; };
		B048029723893943004FECED /* SceneDelegate.swift in Sources */ = {isa = PBXBuildFile; fileRef = B048029623893943004FECED /* SceneDelegate.swift */; };
		B048029C23893943004FECED /* Main.storyboard in Resources */ = {isa = PBXBuildFile; fileRef = B048029A23893943004FECED /* Main.storyboard */; };
		B048029E23893947004FECED /* Assets.xcassets in Resources */ = {isa = PBXBuildFile; fileRef = B048029D23893947004FECED /* Assets.xcassets */; };
		B04802A123893947004FECED /* LaunchScreen.storyboard in Resources */ = {isa = PBXBuildFile; fileRef = B048029F23893947004FECED /* LaunchScreen.storyboard */; };
		B098A823238956DC00969231 /* KeyboardLayoutConstraint.swift in Sources */ = {isa = PBXBuildFile; fileRef = B098A822238956DC00969231 /* KeyboardLayoutConstraint.swift */; };
		B098A825238959FB00969231 /* MapViewController.swift in Sources */ = {isa = PBXBuildFile; fileRef = B098A824238959FB00969231 /* MapViewController.swift */; };
		B0B82F6523895D7F004F58D6 /* LocationDetailViewController.swift in Sources */ = {isa = PBXBuildFile; fileRef = B0B82F6423895D7F004F58D6 /* LocationDetailViewController.swift */; };
		B0B82F6723895F22004F58D6 /* ARStoryboard.storyboard in Resources */ = {isa = PBXBuildFile; fileRef = B0B82F6623895F22004F58D6 /* ARStoryboard.storyboard */; };
		B0B82F6C23897052004F58D6 /* ARViewController.swift in Sources */ = {isa = PBXBuildFile; fileRef = B0B82F6B23897052004F58D6 /* ARViewController.swift */; };
		B0ECFACD2389D0A900E5DE6D /* DataHandler.swift in Sources */ = {isa = PBXBuildFile; fileRef = B0ECFACC2389D0A900E5DE6D /* DataHandler.swift */; };
/* End PBXBuildFile section */

/* Begin PBXFileReference section */
		501AD3448D605E2F7D78F4AF /* Pods_hackaTUM.framework */ = {isa = PBXFileReference; explicitFileType = wrapper.framework; includeInIndex = 0; path = Pods_hackaTUM.framework; sourceTree = BUILT_PRODUCTS_DIR; };
		B048029123893943004FECED /* hackaTUM.app */ = {isa = PBXFileReference; explicitFileType = wrapper.application; includeInIndex = 0; path = hackaTUM.app; sourceTree = BUILT_PRODUCTS_DIR; };
		B048029423893943004FECED /* AppDelegate.swift */ = {isa = PBXFileReference; lastKnownFileType = sourcecode.swift; path = AppDelegate.swift; sourceTree = "<group>"; };
		B048029623893943004FECED /* SceneDelegate.swift */ = {isa = PBXFileReference; lastKnownFileType = sourcecode.swift; path = SceneDelegate.swift; sourceTree = "<group>"; };
		B048029B23893943004FECED /* Base */ = {isa = PBXFileReference; lastKnownFileType = file.storyboard; name = Base; path = Base.lproj/Main.storyboard; sourceTree = "<group>"; };
		B048029D23893947004FECED /* Assets.xcassets */ = {isa = PBXFileReference; lastKnownFileType = folder.assetcatalog; path = Assets.xcassets; sourceTree = "<group>"; };
		B04802A023893947004FECED /* Base */ = {isa = PBXFileReference; lastKnownFileType = file.storyboard; name = Base; path = Base.lproj/LaunchScreen.storyboard; sourceTree = "<group>"; };
		B04802A223893947004FECED /* Info.plist */ = {isa = PBXFileReference; lastKnownFileType = text.plist.xml; path = Info.plist; sourceTree = "<group>"; };
		B098A822238956DC00969231 /* KeyboardLayoutConstraint.swift */ = {isa = PBXFileReference; lastKnownFileType = sourcecode.swift; path = KeyboardLayoutConstraint.swift; sourceTree = "<group>"; };
		B098A824238959FB00969231 /* MapViewController.swift */ = {isa = PBXFileReference; lastKnownFileType = sourcecode.swift; path = MapViewController.swift; sourceTree = "<group>"; };
		B0B82F6423895D7F004F58D6 /* LocationDetailViewController.swift */ = {isa = PBXFileReference; lastKnownFileType = sourcecode.swift; path = LocationDetailViewController.swift; sourceTree = "<group>"; };
		B0B82F6623895F22004F58D6 /* ARStoryboard.storyboard */ = {isa = PBXFileReference; lastKnownFileType = file.storyboard; path = ARStoryboard.storyboard; sourceTree = "<group>"; };
		B0B82F6B23897052004F58D6 /* ARViewController.swift */ = {isa = PBXFileReference; lastKnownFileType = sourcecode.swift; path = ARViewController.swift; sourceTree = "<group>"; };
		B0ECFACC2389D0A900E5DE6D /* DataHandler.swift */ = {isa = PBXFileReference; lastKnownFileType = sourcecode.swift; path = DataHandler.swift; sourceTree = "<group>"; };
		C8556A2E02250E6FECB5A455 /* Pods-hackaTUM.release.xcconfig */ = {isa = PBXFileReference; includeInIndex = 1; lastKnownFileType = text.xcconfig; name = "Pods-hackaTUM.release.xcconfig"; path = "Target Support Files/Pods-hackaTUM/Pods-hackaTUM.release.xcconfig"; sourceTree = "<group>"; };
		D0D4DFE6CD7BDA98F91FD0D2 /* Pods-hackaTUM.debug.xcconfig */ = {isa = PBXFileReference; includeInIndex = 1; lastKnownFileType = text.xcconfig; name = "Pods-hackaTUM.debug.xcconfig"; path = "Target Support Files/Pods-hackaTUM/Pods-hackaTUM.debug.xcconfig"; sourceTree = "<group>"; };
/* End PBXFileReference section */

/* Begin PBXFrameworksBuildPhase section */
		B048028E23893943004FECED /* Frameworks */ = {
			isa = PBXFrameworksBuildPhase;
			buildActionMask = 2147483647;
			files = (
				1A407DD7A69D5249A6E645DF /* Pods_hackaTUM.framework in Frameworks */,
			);
			runOnlyForDeploymentPostprocessing = 0;
		};
/* End PBXFrameworksBuildPhase section */

/* Begin PBXGroup section */
		861341DB21A843CE3C977D80 /* Frameworks */ = {
			isa = PBXGroup;
			children = (
				501AD3448D605E2F7D78F4AF /* Pods_hackaTUM.framework */,
			);
			name = Frameworks;
			sourceTree = "<group>";
		};
		B048028823893943004FECED = {
			isa = PBXGroup;
			children = (
				B048029323893943004FECED /* hackaTUM */,
				B048029223893943004FECED /* Products */,
				D3ACB0131871573092C59E72 /* Pods */,
				861341DB21A843CE3C977D80 /* Frameworks */,
			);
			sourceTree = "<group>";
		};
		B048029223893943004FECED /* Products */ = {
			isa = PBXGroup;
			children = (
				B048029123893943004FECED /* hackaTUM.app */,
			);
			name = Products;
			sourceTree = "<group>";
		};
		B048029323893943004FECED /* hackaTUM */ = {
			isa = PBXGroup;
			children = (
				B06F69C52389AB6100B10283 /* Global */,
				B0B82F6A23896267004F58D6 /* External */,
				B0B82F6923896251004F58D6 /* AR */,
				B0B82F6823896246004F58D6 /* Initial */,
				B048029D23893947004FECED /* Assets.xcassets */,
				B04802A223893947004FECED /* Info.plist */,
			);
			path = hackaTUM;
			sourceTree = "<group>";
		};
		B06F69C52389AB6100B10283 /* Global */ = {
			isa = PBXGroup;
			children = (
				B048029423893943004FECED /* AppDelegate.swift */,
				B048029623893943004FECED /* SceneDelegate.swift */,
				B048029F23893947004FECED /* LaunchScreen.storyboard */,
			);
			path = Global;
			sourceTree = "<group>";
		};
		B0B82F6823896246004F58D6 /* Initial */ = {
			isa = PBXGroup;
			children = (
				B048029A23893943004FECED /* Main.storyboard */,
				B098A824238959FB00969231 /* MapViewController.swift */,
				B0B82F6423895D7F004F58D6 /* LocationDetailViewController.swift */,
				B0ECFACC2389D0A900E5DE6D /* DataHandler.swift */,
			);
			path = Initial;
			sourceTree = "<group>";
		};
		B0B82F6923896251004F58D6 /* AR */ = {
			isa = PBXGroup;
			children = (
				B0B82F6623895F22004F58D6 /* ARStoryboard.storyboard */,
				B0B82F6B23897052004F58D6 /* ARViewController.swift */,
			);
			path = AR;
			sourceTree = "<group>";
		};
		B0B82F6A23896267004F58D6 /* External */ = {
			isa = PBXGroup;
			children = (
				B098A822238956DC00969231 /* KeyboardLayoutConstraint.swift */,
			);
			path = External;
			sourceTree = "<group>";
		};
		D3ACB0131871573092C59E72 /* Pods */ = {
			isa = PBXGroup;
			children = (
				D0D4DFE6CD7BDA98F91FD0D2 /* Pods-hackaTUM.debug.xcconfig */,
				C8556A2E02250E6FECB5A455 /* Pods-hackaTUM.release.xcconfig */,
			);
			path = Pods;
			sourceTree = "<group>";
		};
/* End PBXGroup section */

/* Begin PBXNativeTarget section */
		B048029023893943004FECED /* hackaTUM */ = {
			isa = PBXNativeTarget;
			buildConfigurationList = B04802A523893947004FECED /* Build configuration list for PBXNativeTarget "hackaTUM" */;
			buildPhases = (
				AC7863AA2BD884A4D787415F /* [CP] Check Pods Manifest.lock */,
				B048028D23893943004FECED /* Sources */,
				B048028E23893943004FECED /* Frameworks */,
				B048028F23893943004FECED /* Resources */,
				99DBDE4D192930A2E2FC5A9F /* [CP] Embed Pods Frameworks */,
			);
			buildRules = (
			);
			dependencies = (
			);
			name = hackaTUM;
			productName = hackaTUM;
			productReference = B048029123893943004FECED /* hackaTUM.app */;
			productType = "com.apple.product-type.application";
		};
/* End PBXNativeTarget section */

/* Begin PBXProject section */
		B048028923893943004FECED /* Project object */ = {
			isa = PBXProject;
			attributes = {
				LastSwiftUpdateCheck = 1120;
				LastUpgradeCheck = 1120;
				ORGANIZATIONNAME = TUM;
				TargetAttributes = {
					B048029023893943004FECED = {
						CreatedOnToolsVersion = 11.2.1;
					};
				};
			};
			buildConfigurationList = B048028C23893943004FECED /* Build configuration list for PBXProject "hackaTUM" */;
			compatibilityVersion = "Xcode 9.3";
			developmentRegion = en;
			hasScannedForEncodings = 0;
			knownRegions = (
				en,
				Base,
			);
			mainGroup = B048028823893943004FECED;
			productRefGroup = B048029223893943004FECED /* Products */;
			projectDirPath = "";
			projectRoot = "";
			targets = (
				B048029023893943004FECED /* hackaTUM */,
			);
		};
/* End PBXProject section */

/* Begin PBXResourcesBuildPhase section */
		B048028F23893943004FECED /* Resources */ = {
			isa = PBXResourcesBuildPhase;
			buildActionMask = 2147483647;
			files = (
				B04802A123893947004FECED /* LaunchScreen.storyboard in Resources */,
				B048029E23893947004FECED /* Assets.xcassets in Resources */,
				B0B82F6723895F22004F58D6 /* ARStoryboard.storyboard in Resources */,
				B048029C23893943004FECED /* Main.storyboard in Resources */,
			);
			runOnlyForDeploymentPostprocessing = 0;
		};
/* End PBXResourcesBuildPhase section */

/* Begin PBXShellScriptBuildPhase section */
		99DBDE4D192930A2E2FC5A9F /* [CP] Embed Pods Frameworks */ = {
			isa = PBXShellScriptBuildPhase;
			buildActionMask = 2147483647;
			files = (
			);
			inputFileListPaths = (
				"${PODS_ROOT}/Target Support Files/Pods-hackaTUM/Pods-hackaTUM-frameworks-${CONFIGURATION}-input-files.xcfilelist",
			);
			name = "[CP] Embed Pods Frameworks";
			outputFileListPaths = (
				"${PODS_ROOT}/Target Support Files/Pods-hackaTUM/Pods-hackaTUM-frameworks-${CONFIGURATION}-output-files.xcfilelist",
			);
			runOnlyForDeploymentPostprocessing = 0;
			shellPath = /bin/sh;
			shellScript = "\"${PODS_ROOT}/Target Support Files/Pods-hackaTUM/Pods-hackaTUM-frameworks.sh\"\n";
			showEnvVarsInLog = 0;
		};
		AC7863AA2BD884A4D787415F /* [CP] Check Pods Manifest.lock */ = {
			isa = PBXShellScriptBuildPhase;
			buildActionMask = 2147483647;
			files = (
			);
			inputFileListPaths = (
			);
			inputPaths = (
				"${PODS_PODFILE_DIR_PATH}/Podfile.lock",
				"${PODS_ROOT}/Manifest.lock",
			);
			name = "[CP] Check Pods Manifest.lock";
			outputFileListPaths = (
			);
			outputPaths = (
				"$(DERIVED_FILE_DIR)/Pods-hackaTUM-checkManifestLockResult.txt",
			);
			runOnlyForDeploymentPostprocessing = 0;
			shellPath = /bin/sh;
			shellScript = "diff \"${PODS_PODFILE_DIR_PATH}/Podfile.lock\" \"${PODS_ROOT}/Manifest.lock\" > /dev/null\nif [ $? != 0 ] ; then\n    # print error to STDERR\n    echo \"error: The sandbox is not in sync with the Podfile.lock. Run 'pod install' or update your CocoaPods installation.\" >&2\n    exit 1\nfi\n# This output is used by Xcode 'outputs' to avoid re-running this script phase.\necho \"SUCCESS\" > \"${SCRIPT_OUTPUT_FILE_0}\"\n";
			showEnvVarsInLog = 0;
		};
/* End PBXShellScriptBuildPhase section */

/* Begin PBXSourcesBuildPhase section */
		B048028D23893943004FECED /* Sources */ = {
			isa = PBXSourcesBuildPhase;
			buildActionMask = 2147483647;
			files = (
				B098A825238959FB00969231 /* MapViewController.swift in Sources */,
				B0ECFACD2389D0A900E5DE6D /* DataHandler.swift in Sources */,
				B0B82F6523895D7F004F58D6 /* LocationDetailViewController.swift in Sources */,
				B048029523893943004FECED /* AppDelegate.swift in Sources */,
				B0B82F6C23897052004F58D6 /* ARViewController.swift in Sources */,
				B048029723893943004FECED /* SceneDelegate.swift in Sources */,
				B098A823238956DC00969231 /* KeyboardLayoutConstraint.swift in Sources */,
			);
			runOnlyForDeploymentPostprocessing = 0;
		};
/* End PBXSourcesBuildPhase section */

/* Begin PBXVariantGroup section */
		B048029A23893943004FECED /* Main.storyboard */ = {
			isa = PBXVariantGroup;
			children = (
				B048029B23893943004FECED /* Base */,
			);
			name = Main.storyboard;
			sourceTree = "<group>";
		};
		B048029F23893947004FECED /* LaunchScreen.storyboard */ = {
			isa = PBXVariantGroup;
			children = (
				B04802A023893947004FECED /* Base */,
			);
			name = LaunchScreen.storyboard;
			sourceTree = "<group>";
		};
/* End PBXVariantGroup section */

/* Begin XCBuildConfiguration section */
		B04802A323893947004FECED /* Debug */ = {
			isa = XCBuildConfiguration;
			buildSettings = {
				ALWAYS_SEARCH_USER_PATHS = NO;
				CLANG_ANALYZER_NONNULL = YES;
				CLANG_ANALYZER_NUMBER_OBJECT_CONVERSION = YES_AGGRESSIVE;
				CLANG_CXX_LANGUAGE_STANDARD = "gnu++14";
				CLANG_CXX_LIBRARY = "libc++";
				CLANG_ENABLE_MODULES = YES;
				CLANG_ENABLE_OBJC_ARC = YES;
				CLANG_ENABLE_OBJC_WEAK = YES;
				CLANG_WARN_BLOCK_CAPTURE_AUTORELEASING = YES;
				CLANG_WARN_BOOL_CONVERSION = YES;
				CLANG_WARN_COMMA = YES;
				CLANG_WARN_CONSTANT_CONVERSION = YES;
				CLANG_WARN_DEPRECATED_OBJC_IMPLEMENTATIONS = YES;
				CLANG_WARN_DIRECT_OBJC_ISA_USAGE = YES_ERROR;
				CLANG_WARN_DOCUMENTATION_COMMENTS = YES;
				CLANG_WARN_EMPTY_BODY = YES;
				CLANG_WARN_ENUM_CONVERSION = YES;
				CLANG_WARN_INFINITE_RECURSION = YES;
				CLANG_WARN_INT_CONVERSION = YES;
				CLANG_WARN_NON_LITERAL_NULL_CONVERSION = YES;
				CLANG_WARN_OBJC_IMPLICIT_RETAIN_SELF = YES;
				CLANG_WARN_OBJC_LITERAL_CONVERSION = YES;
				CLANG_WARN_OBJC_ROOT_CLASS = YES_ERROR;
				CLANG_WARN_RANGE_LOOP_ANALYSIS = YES;
				CLANG_WARN_STRICT_PROTOTYPES = YES;
				CLANG_WARN_SUSPICIOUS_MOVE = YES;
				CLANG_WARN_UNGUARDED_AVAILABILITY = YES_AGGRESSIVE;
				CLANG_WARN_UNREACHABLE_CODE = YES;
				CLANG_WARN__DUPLICATE_METHOD_MATCH = YES;
				COPY_PHASE_STRIP = NO;
				DEBUG_INFORMATION_FORMAT = dwarf;
				ENABLE_STRICT_OBJC_MSGSEND = YES;
				ENABLE_TESTABILITY = YES;
				GCC_C_LANGUAGE_STANDARD = gnu11;
				GCC_DYNAMIC_NO_PIC = NO;
				GCC_NO_COMMON_BLOCKS = YES;
				GCC_OPTIMIZATION_LEVEL = 0;
				GCC_PREPROCESSOR_DEFINITIONS = (
					"DEBUG=1",
					"$(inherited)",
				);
				GCC_WARN_64_TO_32_BIT_CONVERSION = YES;
				GCC_WARN_ABOUT_RETURN_TYPE = YES_ERROR;
				GCC_WARN_UNDECLARED_SELECTOR = YES;
				GCC_WARN_UNINITIALIZED_AUTOS = YES_AGGRESSIVE;
				GCC_WARN_UNUSED_FUNCTION = YES;
				GCC_WARN_UNUSED_VARIABLE = YES;
				IPHONEOS_DEPLOYMENT_TARGET = 13.2;
				MTL_ENABLE_DEBUG_INFO = INCLUDE_SOURCE;
				MTL_FAST_MATH = YES;
				ONLY_ACTIVE_ARCH = YES;
				SDKROOT = iphoneos;
				SWIFT_ACTIVE_COMPILATION_CONDITIONS = DEBUG;
				SWIFT_OPTIMIZATION_LEVEL = "-Onone";
			};
			name = Debug;
		};
		B04802A423893947004FECED /* Release */ = {
			isa = XCBuildConfiguration;
			buildSettings = {
				ALWAYS_SEARCH_USER_PATHS = NO;
				CLANG_ANALYZER_NONNULL = YES;
				CLANG_ANALYZER_NUMBER_OBJECT_CONVERSION = YES_AGGRESSIVE;
				CLANG_CXX_LANGUAGE_STANDARD = "gnu++14";
				CLANG_CXX_LIBRARY = "libc++";
				CLANG_ENABLE_MODULES = YES;
				CLANG_ENABLE_OBJC_ARC = YES;
				CLANG_ENABLE_OBJC_WEAK = YES;
				CLANG_WARN_BLOCK_CAPTURE_AUTORELEASING = YES;
				CLANG_WARN_BOOL_CONVERSION = YES;
				CLANG_WARN_COMMA = YES;
				CLANG_WARN_CONSTANT_CONVERSION = YES;
				CLANG_WARN_DEPRECATED_OBJC_IMPLEMENTATIONS = YES;
				CLANG_WARN_DIRECT_OBJC_ISA_USAGE = YES_ERROR;
				CLANG_WARN_DOCUMENTATION_COMMENTS = YES;
				CLANG_WARN_EMPTY_BODY = YES;
				CLANG_WARN_ENUM_CONVERSION = YES;
				CLANG_WARN_INFINITE_RECURSION = YES;
				CLANG_WARN_INT_CONVERSION = YES;
				CLANG_WARN_NON_LITERAL_NULL_CONVERSION = YES;
				CLANG_WARN_OBJC_IMPLICIT_RETAIN_SELF = YES;
				CLANG_WARN_OBJC_LITERAL_CONVERSION = YES;
				CLANG_WARN_OBJC_ROOT_CLASS = YES_ERROR;
				CLANG_WARN_RANGE_LOOP_ANALYSIS = YES;
				CLANG_WARN_STRICT_PROTOTYPES = YES;
				CLANG_WARN_SUSPICIOUS_MOVE = YES;
				CLANG_WARN_UNGUARDED_AVAILABILITY = YES_AGGRESSIVE;
				CLANG_WARN_UNREACHABLE_CODE = YES;
				CLANG_WARN__DUPLICATE_METHOD_MATCH = YES;
				COPY_PHASE_STRIP = NO;
				DEBUG_INFORMATION_FORMAT = "dwarf-with-dsym";
				ENABLE_NS_ASSERTIONS = NO;
				ENABLE_STRICT_OBJC_MSGSEND = YES;
				GCC_C_LANGUAGE_STANDARD = gnu11;
				GCC_NO_COMMON_BLOCKS = YES;
				GCC_WARN_64_TO_32_BIT_CONVERSION = YES;
				GCC_WARN_ABOUT_RETURN_TYPE = YES_ERROR;
				GCC_WARN_UNDECLARED_SELECTOR = YES;
				GCC_WARN_UNINITIALIZED_AUTOS = YES_AGGRESSIVE;
				GCC_WARN_UNUSED_FUNCTION = YES;
				GCC_WARN_UNUSED_VARIABLE = YES;
				IPHONEOS_DEPLOYMENT_TARGET = 13.2;
				MTL_ENABLE_DEBUG_INFO = NO;
				MTL_FAST_MATH = YES;
				SDKROOT = iphoneos;
				SWIFT_COMPILATION_MODE = wholemodule;
				SWIFT_OPTIMIZATION_LEVEL = "-O";
				VALIDATE_PRODUCT = YES;
			};
			name = Release;
		};
		B04802A623893947004FECED /* Debug */ = {
			isa = XCBuildConfiguration;
			baseConfigurationReference = D0D4DFE6CD7BDA98F91FD0D2 /* Pods-hackaTUM.debug.xcconfig */;
			buildSettings = {
				ASSETCATALOG_COMPILER_APPICON_NAME = AppIcon;
				CODE_SIGN_STYLE = Automatic;
				DEVELOPMENT_TEAM = H45RLDQQ8T;
				INFOPLIST_FILE = hackaTUM/Info.plist;
				IPHONEOS_DEPLOYMENT_TARGET = 13.1;
				LD_RUNPATH_SEARCH_PATHS = (
					"$(inherited)",
					"@executable_path/Frameworks",
				);
				PRODUCT_BUNDLE_IDENTIFIER = de.tum.in.www1.hackaTUM.hackaTUMaa;
				PRODUCT_NAME = "$(TARGET_NAME)";
				SWIFT_VERSION = 5.0;
				TARGETED_DEVICE_FAMILY = "1,2";
			};
			name = Debug;
		};
		B04802A723893947004FECED /* Release */ = {
			isa = XCBuildConfiguration;
			baseConfigurationReference = C8556A2E02250E6FECB5A455 /* Pods-hackaTUM.release.xcconfig */;
			buildSettings = {
				ASSETCATALOG_COMPILER_APPICON_NAME = AppIcon;
				CODE_SIGN_STYLE = Automatic;
				DEVELOPMENT_TEAM = H45RLDQQ8T;
				INFOPLIST_FILE = hackaTUM/Info.plist;
				IPHONEOS_DEPLOYMENT_TARGET = 13.1;
				LD_RUNPATH_SEARCH_PATHS = (
					"$(inherited)",
					"@executable_path/Frameworks",
				);
				PRODUCT_BUNDLE_IDENTIFIER = de.tum.in.www1.hackaTUM.hackaTUMaa;
				PRODUCT_NAME = "$(TARGET_NAME)";
				SWIFT_VERSION = 5.0;
				TARGETED_DEVICE_FAMILY = "1,2";
			};
			name = Release;
		};
/* End XCBuildConfiguration section */

/* Begin XCConfigurationList section */
		B048028C23893943004FECED /* Build configuration list for PBXProject "hackaTUM" */ = {
			isa = XCConfigurationList;
			buildConfigurations = (
				B04802A323893947004FECED /* Debug */,
				B04802A423893947004FECED /* Release */,
			);
			defaultConfigurationIsVisible = 0;
			defaultConfigurationName = Release;
		};
		B04802A523893947004FECED /* Build configuration list for PBXNativeTarget "hackaTUM" */ = {
			isa = XCConfigurationList;
			buildConfigurations = (
				B04802A623893947004FECED /* Debug */,
				B04802A723893947004FECED /* Release */,
			);
			defaultConfigurationIsVisible = 0;
			defaultConfigurationName = Release;
		};
/* End XCConfigurationList section */
	};
	rootObject = B048028923893943004FECED /* Project object */;
}
